// !$*UTF8*$!
{ archiveVersion = 1; classes = {}; objectVersion = 56; objects = {
00000000000000000000B003 = {isa = PBXFileReference; lastKnownFileType = sourcecode.swift; path = ProjectMCPQA.swift; sourceTree = "<group>"; };
00000000000000000000B013 = {isa = PBXBuildFile; fileRef = 00000000000000000000B003; };
00000000000000000000B001 = {isa = PBXFileReference; lastKnownFileType = sourcecode.swift; path = ProjectMCPView.swift; sourceTree = "<group>"; };
00000000000000000000B011 = {isa = PBXBuildFile; fileRef = 00000000000000000000B001; };
00000000000000000000B002 = {isa = PBXFileReference; lastKnownFileType = sourcecode.swift; path = StageMCPPicker.swift; sourceTree = "<group>"; };
00000000000000000000B012 = {isa = PBXBuildFile; fileRef = 00000000000000000000B002; };
00000000000000000000AF04 = {isa = PBXFileReference; lastKnownFileType = sourcecode.swift; path = ProjectSettingsQA.swift; sourceTree = "<group>"; };
00000000000000000000AF14 = {isa = PBXBuildFile; fileRef = 00000000000000000000AF04; };
00000000000000000000AF01 = {isa = PBXFileReference; lastKnownFileType = sourcecode.swift; path = GitPolicyView.swift; sourceTree = "<group>"; };
00000000000000000000AF11 = {isa = PBXBuildFile; fileRef = 00000000000000000000AF01; };
00000000000000000000AF02 = {isa = PBXFileReference; lastKnownFileType = sourcecode.swift; path = GitRuleEditor.swift; sourceTree = "<group>"; };
00000000000000000000AF12 = {isa = PBXBuildFile; fileRef = 00000000000000000000AF02; };
00000000000000000000AF03 = {isa = PBXFileReference; lastKnownFileType = sourcecode.swift; path = ProjectMetadataView.swift; sourceTree = "<group>"; };
00000000000000000000AF13 = {isa = PBXBuildFile; fileRef = 00000000000000000000AF03; };
00000000000000000000AE04 = {isa = PBXFileReference; lastKnownFileType = sourcecode.swift; path = ModelQA.swift; sourceTree = "<group>"; };
00000000000000000000AE14 = {isa = PBXBuildFile; fileRef = 00000000000000000000AE04; };
00000000000000000000AE01 = {isa = PBXFileReference; lastKnownFileType = sourcecode.swift; path = ModelPicker.swift; sourceTree = "<group>"; };
00000000000000000000AE11 = {isa = PBXBuildFile; fileRef = 00000000000000000000AE01; };
00000000000000000000AE02 = {isa = PBXFileReference; lastKnownFileType = sourcecode.swift; path = ModelSettingsView.swift; sourceTree = "<group>"; };
00000000000000000000AE12 = {isa = PBXBuildFile; fileRef = 00000000000000000000AE02; };
00000000000000000000AE03 = {isa = PBXFileReference; lastKnownFileType = sourcecode.swift; path = TaskModelView.swift; sourceTree = "<group>"; };
00000000000000000000AE13 = {isa = PBXBuildFile; fileRef = 00000000000000000000AE03; };
00000000000000000000AD02 = {isa = PBXFileReference; lastKnownFileType = sourcecode.swift; path = PipelineQA.swift; sourceTree = "<group>"; };
00000000000000000000AD12 = {isa = PBXBuildFile; fileRef = 00000000000000000000AD02; };
00000000000000000000AD01 = {isa = PBXFileReference; lastKnownFileType = sourcecode.swift; path = PipelineEditorView.swift; sourceTree = "<group>"; };
00000000000000000000AD11 = {isa = PBXBuildFile; fileRef = 00000000000000000000AD01; };
00000000000000000000AC02 = {isa = PBXFileReference; lastKnownFileType = sourcecode.swift; path = MergeQA.swift; sourceTree = "<group>"; };
00000000000000000000AC12 = {isa = PBXBuildFile; fileRef = 00000000000000000000AC02; };
00000000000000000000AC01 = {isa = PBXFileReference; lastKnownFileType = sourcecode.swift; path = MergeProgressView.swift; sourceTree = "<group>"; };
00000000000000000000AC11 = {isa = PBXBuildFile; fileRef = 00000000000000000000AC01; };
00000000000000000000AB03 = {isa = PBXFileReference; lastKnownFileType = sourcecode.swift; path = HumanReviewQA.swift; sourceTree = "<group>"; };
00000000000000000000AB13 = {isa = PBXBuildFile; fileRef = 00000000000000000000AB03; };
00000000000000000000AB01 = {isa = PBXFileReference; lastKnownFileType = sourcecode.swift; path = HumanReviewView.swift; sourceTree = "<group>"; };
00000000000000000000AB11 = {isa = PBXBuildFile; fileRef = 00000000000000000000AB01; };
00000000000000000000AB02 = {isa = PBXFileReference; lastKnownFileType = sourcecode.swift; path = ReviewMaterialsView.swift; sourceTree = "<group>"; };
00000000000000000000AB12 = {isa = PBXBuildFile; fileRef = 00000000000000000000AB02; };
00000000000000000000AA02 = {isa = PBXFileReference; lastKnownFileType = sourcecode.swift; path = HumanAnswerQA.swift; sourceTree = "<group>"; };
00000000000000000000AA12 = {isa = PBXBuildFile; fileRef = 00000000000000000000AA02; };
00000000000000000000AA01 = {isa = PBXFileReference; lastKnownFileType = sourcecode.swift; path = HumanAnswerView.swift; sourceTree = "<group>"; };
00000000000000000000AA11 = {isa = PBXBuildFile; fileRef = 00000000000000000000AA01; };
00000000000000000000A903 = {isa = PBXFileReference; lastKnownFileType = sourcecode.swift; path = RunHistoryQA.swift; sourceTree = "<group>"; };
00000000000000000000A913 = {isa = PBXBuildFile; fileRef = 00000000000000000000A903; };
00000000000000000000A902 = {isa = PBXFileReference; lastKnownFileType = sourcecode.swift; path = RunHistoryViews.swift; sourceTree = "<group>"; };
00000000000000000000A912 = {isa = PBXBuildFile; fileRef = 00000000000000000000A902; };
00000000000000000000A901 = {isa = PBXFileReference; lastKnownFileType = sourcecode.swift; path = RunLogTextView.swift; sourceTree = "<group>"; };
00000000000000000000A911 = {isa = PBXBuildFile; fileRef = 00000000000000000000A901; };
00000000000000000000A703 = {isa = PBXFileReference; lastKnownFileType = sourcecode.swift; path = TaskControlQA.swift; sourceTree = "<group>"; };
00000000000000000000A713 = {isa = PBXBuildFile; fileRef = 00000000000000000000A703; };
00000000000000000000A702 = {isa = PBXFileReference; lastKnownFileType = sourcecode.swift; path = BoardTaskControls.swift; sourceTree = "<group>"; };
00000000000000000000A712 = {isa = PBXBuildFile; fileRef = 00000000000000000000A702; };
00000000000000000000A701 = {isa = PBXFileReference; lastKnownFileType = sourcecode.swift; path = TaskControlSheet.swift; sourceTree = "<group>"; };
00000000000000000000A711 = {isa = PBXBuildFile; fileRef = 00000000000000000000A701; };
000000000000000000000064 = {isa = PBXFileReference; lastKnownFileType = sourcecode.swift; path = KabanApp.swift; sourceTree = "<group>"; };
0000000000000000000000C8 = {isa = PBXBuildFile; fileRef = 000000000000000000000064; };
000000000000000000000065 = {isa = PBXFileReference; lastKnownFileType = sourcecode.swift; path = BoardStore.swift; sourceTree = "<group>"; };
0000000000000000000000C9 = {isa = PBXBuildFile; fileRef = 000000000000000000000065; };
000000000000000000000066 = {isa = PBXFileReference; lastKnownFileType = sourcecode.swift; path = DesignSystem.swift; sourceTree = "<group>"; };
0000000000000000000000CA = {isa = PBXBuildFile; fileRef = 000000000000000000000066; };
000000000000000000000067 = {isa = PBXFileReference; lastKnownFileType = sourcecode.swift; path = BoardView.swift; sourceTree = "<group>"; };
0000000000000000000000CB = {isa = PBXBuildFile; fileRef = 000000000000000000000067; };
000000000000000000000068 = {isa = PBXFileReference; lastKnownFileType = sourcecode.swift; path = ReferenceTheme.swift; sourceTree = "<group>"; };
0000000000000000000000CC = {isa = PBXBuildFile; fileRef = 000000000000000000000068; };
000000000000000000000069 = {isa = PBXFileReference; lastKnownFileType = sourcecode.swift; path = ReferenceDemo.swift; sourceTree = "<group>"; };
0000000000000000000000CD = {isa = PBXBuildFile; fileRef = 000000000000000000000069; };
00000000000000000000006A = {isa = PBXFileReference; lastKnownFileType = sourcecode.swift; path = ReferenceBoard.swift; sourceTree = "<group>"; };
0000000000000000000000CE = {isa = PBXBuildFile; fileRef = 00000000000000000000006A; };
00000000000000000000006B = {isa = PBXFileReference; lastKnownFileType = sourcecode.swift; path = ReferenceDetails.swift; sourceTree = "<group>"; };
0000000000000000000000CF = {isa = PBXBuildFile; fileRef = 00000000000000000000006B; };
00000000000000000000006C = {isa = PBXFileReference; lastKnownFileType = sourcecode.swift; path = ReferenceQuota.swift; sourceTree = "<group>"; };
0000000000000000000000D0 = {isa = PBXBuildFile; fileRef = 00000000000000000000006C; };
00000000000000000000006D = {isa = PBXFileReference; lastKnownFileType = sourcecode.swift; path = ReferenceExport.swift; sourceTree = "<group>"; };
0000000000000000000000D1 = {isa = PBXBuildFile; fileRef = 00000000000000000000006D; };
000000000000000000000070 = {isa = PBXFileReference; lastKnownFileType = sourcecode.swift; path = ReferenceSettings.swift; sourceTree = "<group>"; };
0000000000000000000000D4 = {isa = PBXBuildFile; fileRef = 000000000000000000000070; };
000000000000000000000071 = {isa = PBXFileReference; lastKnownFileType = sourcecode.swift; path = ReferenceSheets.swift; sourceTree = "<group>"; };
0000000000000000000000D5 = {isa = PBXBuildFile; fileRef = 000000000000000000000071; };
000000000000000000000072 = {isa = PBXFileReference; lastKnownFileType = sourcecode.swift; path = ReferenceGallery.swift; sourceTree = "<group>"; };
0000000000000000000000D6 = {isa = PBXBuildFile; fileRef = 000000000000000000000072; };
000000000000000000000073 = {isa = PBXFileReference; lastKnownFileType = sourcecode.swift; path = ReferenceRuntime.swift; sourceTree = "<group>"; };
0000000000000000000000D7 = {isa = PBXBuildFile; fileRef = 000000000000000000000073; };
000000000000000000000074 = {isa = PBXFileReference; lastKnownFileType = sourcecode.swift; path = NativeShell.swift; sourceTree = "<group>"; };
0000000000000000000000D8 = {isa = PBXBuildFile; fileRef = 000000000000000000000074; };
000000000000000000000075 = {isa = PBXFileReference; lastKnownFileType = sourcecode.swift; path = AppFixture.swift; sourceTree = "<group>"; };
0000000000000000000000D9 = {isa = PBXBuildFile; fileRef = 000000000000000000000075; };
000000000000000000000076 = {isa = PBXFileReference; lastKnownFileType = sourcecode.swift; path = BoardQA.swift; sourceTree = "<group>"; };
0000000000000000000000DA = {isa = PBXBuildFile; fileRef = 000000000000000000000076; };
000000000000000000000077 = {isa = PBXFileReference; lastKnownFileType = sourcecode.swift; path = DaemonKabanClient.swift; sourceTree = "<group>"; };
00000000000000000000A802 = {isa = PBXFileReference; lastKnownFileType = sourcecode.swift; path = DetailQA.swift; sourceTree = "<group>"; };
00000000000000000000A812 = {isa = PBXBuildFile; fileRef = 00000000000000000000A802; };
00000000000000000000A801 = {isa = PBXFileReference; lastKnownFileType = sourcecode.swift; path = TaskMaterialViews.swift; sourceTree = "<group>"; };
00000000000000000000A811 = {isa = PBXBuildFile; fileRef = 00000000000000000000A801; };
00000000000000000000007C = {isa = PBXFileReference; lastKnownFileType = sourcecode.swift; path = TaskQA.swift; sourceTree = "<group>"; };
0000000000000000000000E0 = {isa = PBXBuildFile; fileRef = 00000000000000000000007C; };
00000000000000000000007B = {isa = PBXFileReference; lastKnownFileType = sourcecode.swift; path = TaskActionSheet.swift; sourceTree = "<group>"; };
0000000000000000000000DF = {isa = PBXBuildFile; fileRef = 00000000000000000000007B; };
00000000000000000000007A = {isa = PBXFileReference; lastKnownFileType = sourcecode.swift; path = ProjectLifecycleSheet.swift; sourceTree = "<group>"; };
0000000000000000000000DE = {isa = PBXBuildFile; fileRef = 00000000000000000000007A; };
000000000000000000000078 = {isa = PBXFileReference; lastKnownFileType = sourcecode.swift; path = DaemonRuntime.swift; sourceTree = "<group>"; };
0000000000000000000000DB = {isa = PBXBuildFile; fileRef = 000000000000000000000077; };
0000000000000000000000DC = {isa = PBXBuildFile; fileRef = 000000000000000000000078; };
000000000000000000000079 = {isa = PBXFileReference; lastKnownFileType = sourcecode.swift; path = OnboardingView.swift; sourceTree = "<group>"; };
0000000000000000000000DD = {isa = PBXBuildFile; fileRef = 000000000000000000000079; };
000000000000000000000037 = {isa = XCSwiftPackageProductDependency; package = 000000000000000000000032; productName = KabanTransport; };
000000000000000000000038 = {isa = PBXBuildFile; productRef = 000000000000000000000037; };
000000000000000000000039 = {isa = XCSwiftPackageProductDependency; package = 000000000000000000000032; productName = KabanDaemonCore; };
000000000000000000000041 = {isa = PBXBuildFile; productRef = 000000000000000000000039; };
000000000000000000000042 = {isa = PBXBuildFile; productRef = 000000000000000000000037; };
000000000000000000000090 = {isa = PBXFileReference; lastKnownFileType = sourcecode.swift; path = Sources/KabanDaemon/DaemonMain.swift; sourceTree = SOURCE_ROOT; };
000000000000000000000091 = {isa = PBXBuildFile; fileRef = 000000000000000000000090; };
000000000000000000000092 = {isa = PBXFileReference; explicitFileType = compiled.mach-o.executable; includeInIndex = 0; path = KabanDaemon; sourceTree = BUILT_PRODUCTS_DIR; };
000000000000000000000093 = {isa = PBXBuildFile; fileRef = 000000000000000000000092; settings = {ATTRIBUTES = (CodeSignOnCopy); }; };
000000000000000000000094 = {isa = PBXFileReference; lastKnownFileType = text.plist.xml; path = App/LaunchAgents/app.kaban.agent.plist; sourceTree = SOURCE_ROOT; };
000000000000000000000095 = {isa = PBXBuildFile; fileRef = 000000000000000000000094; };
00000000000000000000000E = {isa = PBXCopyFilesBuildPhase; buildActionMask = 2147483647; dstPath = ""; dstSubfolderSpec = 6; files = (000000000000000000000093); name = "Embed daemon"; runOnlyForDeploymentPostprocessing = 0; };
00000000000000000000000F = {isa = PBXCopyFilesBuildPhase; buildActionMask = 2147483647; dstPath = "Contents/Library/LaunchAgents"; dstSubfolderSpec = 1; files = (000000000000000000000095); name = "Embed LaunchAgent"; runOnlyForDeploymentPostprocessing = 0; };
000000000000000000000010 = {isa = PBXNativeTarget; buildConfigurationList = 000000000000000000000027; buildPhases = (000000000000000000000011, 000000000000000000000012); buildRules = (); dependencies = (); name = KabanDaemon; packageProductDependencies = (000000000000000000000039, 000000000000000000000037); productName = KabanDaemon; productReference = 000000000000000000000092; productType = "com.apple.product-type.tool"; };
000000000000000000000011 = {isa = PBXSourcesBuildPhase; buildActionMask = 2147483647; files = (000000000000000000000091); runOnlyForDeploymentPostprocessing = 0; };
000000000000000000000012 = {isa = PBXFrameworksBuildPhase; buildActionMask = 2147483647; files = (000000000000000000000041, 000000000000000000000042); runOnlyForDeploymentPostprocessing = 0; };
000000000000000000000013 = {isa = PBXContainerItemProxy; containerPortal = 000000000000000000000001; proxyType = 1; remoteGlobalIDString = 000000000000000000000010; remoteInfo = KabanDaemon; };
000000000000000000000014 = {isa = PBXTargetDependency; target = 000000000000000000000010; targetProxy = 000000000000000000000013; };
000000000000000000000027 = {isa = XCConfigurationList; buildConfigurations = (000000000000000000000028, 000000000000000000000029); defaultConfigurationIsVisible = 0; defaultConfigurationName = Release; };
000000000000000000000028 = {isa = XCBuildConfiguration; buildSettings = {MACOSX_DEPLOYMENT_TARGET = 26.0; SDKROOT = macosx; SWIFT_VERSION = 6.0; PRODUCT_NAME = KabanDaemon; PRODUCT_BUNDLE_IDENTIFIER = app.kaban.agent; CODE_SIGN_STYLE = Manual; CODE_SIGN_IDENTITY = "-"; OTHER_CODE_SIGN_FLAGS = "--options runtime --identifier app.kaban.agent"; ENABLE_HARDENED_RUNTIME = YES; SKIP_INSTALL = YES; ONLY_ACTIVE_ARCH = YES; SWIFT_OPTIMIZATION_LEVEL = "-Onone"; DEBUG_INFORMATION_FORMAT = dwarf; }; name = Debug; };
000000000000000000000029 = {isa = XCBuildConfiguration; buildSettings = {MACOSX_DEPLOYMENT_TARGET = 26.0; SDKROOT = macosx; SWIFT_VERSION = 6.0; PRODUCT_NAME = KabanDaemon; PRODUCT_BUNDLE_IDENTIFIER = app.kaban.agent; CODE_SIGN_STYLE = Manual; CODE_SIGN_IDENTITY = "-"; OTHER_CODE_SIGN_FLAGS = "--options runtime --identifier app.kaban.agent"; ENABLE_HARDENED_RUNTIME = YES; SKIP_INSTALL = YES; }; name = Release; };
000000000000000000000080 = {isa = PBXFileReference; lastKnownFileType = folder; path = Resources; sourceTree = "<group>"; };
0000000000000000000000E4 = {isa = PBXBuildFile; fileRef = 000000000000000000000080; };
000000000000000000000001 = {isa = PBXProject; attributes = {LastSwiftUpdateCheck = 2700; LastUpgradeCheck = 2700; }; buildConfigurationList = 00000000000000000000001E; compatibilityVersion = "Xcode 14.0"; developmentRegion = ru; knownRegions = (ru, en, Base); mainGroup = 000000000000000000000002; productRefGroup = 000000000000000000000004; projectDirPath = ""; projectRoot = ""; packageReferences = (000000000000000000000032); targets = (00000000000000000000000A, 000000000000000000000010); };
000000000000000000000002 = {isa = PBXGroup; children = (000000000000000000000003, 000000000000000000000004); sourceTree = "<group>"; };
000000000000000000000003 = {isa = PBXGroup; children = (00000000000000000000B003, 00000000000000000000B001, 00000000000000000000B002, 00000000000000000000AF04, 00000000000000000000AF01, 00000000000000000000AF02, 00000000000000000000AF03, 00000000000000000000AE04, 00000000000000000000AE01, 00000000000000000000AE02, 00000000000000000000AE03, 00000000000000000000AD02, 00000000000000000000AD01, 00000000000000000000AC02, 00000000000000000000AC01,00000000000000000000AB03, 00000000000000000000AB02, 00000000000000000000AB01, 00000000000000000000AA02, 00000000000000000000AA01, 00000000000000000000A903, 00000000000000000000A902, 00000000000000000000A901, 00000000000000000000A802, 00000000000000000000A801, 00000000000000000000A703, 00000000000000000000A702, 00000000000000000000A701, 000000000000000000000064, 000000000000000000000065, 000000000000000000000066, 000000000000000000000067, 000000000000000000000068, 000000000000000000000069, 00000000000000000000006A, 00000000000000000000006B, 00000000000000000000006C, 00000000000000000000006D, 000000000000000000000070, 000000000000000000000071, 000000000000000000000072, 000000000000000000000073, 000000000000000000000074, 000000000000000000000075, 000000000000000000000076, 000000000000000000000077, 000000000000000000000078, 000000000000000000000079, 00000000000000000000007A, 00000000000000000000007B, 00000000000000000000007C, 000000000000000000000080); path = App/KabanApp; sourceTree = "<group>"; };
000000000000000000000004 = {isa = PBXGroup; children = (000000000000000000000005, 000000000000000000000092); name = Products; sourceTree = "<group>"; };
000000000000000000000005 = {isa = PBXFileReference; explicitFileType = wrapper.application; includeInIndex = 0; path = Kaban.app; sourceTree = BUILT_PRODUCTS_DIR; };
00000000000000000000000A = {isa = PBXNativeTarget; buildConfigurationList = 00000000000000000000001F; buildPhases = (00000000000000000000000B, 00000000000000000000000C, 00000000000000000000000D, 00000000000000000000000E, 00000000000000000000000F); buildRules = (); dependencies = (000000000000000000000014); name = Kaban; packageProductDependencies = (000000000000000000000033, 000000000000000000000034, 000000000000000000000037); productName = Kaban; productReference = 000000000000000000000005; productType = "com.apple.product-type.application"; };
00000000000000000000000B = {isa = PBXSourcesBuildPhase; buildActionMask = 2147483647; files = (00000000000000000000B013, 00000000000000000000B011, 00000000000000000000B012, 00000000000000000000AF14, 00000000000000000000AF11, 00000000000000000000AF12, 00000000000000000000AF13, 00000000000000000000AE14, 00000000000000000000AE11, 00000000000000000000AE12, 00000000000000000000AE13, 00000000000000000000AD12, 00000000000000000000AD11, 00000000000000000000AC12, 00000000000000000000AC11,00000000000000000000AB13, 00000000000000000000AB12, 00000000000000000000AB11, 00000000000000000000AA12, 00000000000000000000AA11, 00000000000000000000A913, 00000000000000000000A912, 00000000000000000000A911, 00000000000000000000A812, 00000000000000000000A811, 00000000000000000000A713, 00000000000000000000A712, 00000000000000000000A711, 0000000000000000000000C8, 0000000000000000000000C9, 0000000000000000000000CA, 0000000000000000000000CB, 0000000000000000000000CC, 0000000000000000000000CD, 0000000000000000000000CE, 0000000000000000000000CF, 0000000000000000000000D0, 0000000000000000000000D1, 0000000000000000000000D4, 0000000000000000000000D5, 0000000000000000000000D6, 0000000000000000000000D7, 0000000000000000000000D8, 0000000000000000000000D9, 0000000000000000000000DA, 0000000000000000000000DB, 0000000000000000000000DC, 0000000000000000000000DD, 0000000000000000000000DE, 0000000000000000000000DF, 0000000000000000000000E0); runOnlyForDeploymentPostprocessing = 0; };
00000000000000000000000C = {isa = PBXFrameworksBuildPhase; buildActionMask = 2147483647; files = (000000000000000000000035, 000000000000000000000036, 000000000000000000000038); runOnlyForDeploymentPostprocessing = 0; };
00000000000000000000000D = {isa = PBXResourcesBuildPhase; buildActionMask = 2147483647; files = (0000000000000000000000E4); runOnlyForDeploymentPostprocessing = 0; };
000000000000000000000032 = {isa = XCLocalSwiftPackageReference; relativePath = .; };
000000000000000000000033 = {isa = XCSwiftPackageProductDependency; package = 000000000000000000000032; productName = KabanProtocol; };
000000000000000000000034 = {isa = XCSwiftPackageProductDependency; package = 000000000000000000000032; productName = KabanBoardCore; };
000000000000000000000035 = {isa = PBXBuildFile; productRef = 000000000000000000000033; };
000000000000000000000036 = {isa = PBXBuildFile; productRef = 000000000000000000000034; };
00000000000000000000001E = {isa = XCConfigurationList; buildConfigurations = (000000000000000000000020, 000000000000000000000021); defaultConfigurationIsVisible = 0; defaultConfigurationName = Release; };
00000000000000000000001F = {isa = XCConfigurationList; buildConfigurations = (000000000000000000000022, 000000000000000000000023); defaultConfigurationIsVisible = 0; defaultConfigurationName = Release; };
000000000000000000000020 = {isa = XCBuildConfiguration; buildSettings = {CLANG_ENABLE_MODULES = YES; MACOSX_DEPLOYMENT_TARGET = 26.0; SDKROOT = macosx; SWIFT_VERSION = 6.0; ONLY_ACTIVE_ARCH = YES; SWIFT_OPTIMIZATION_LEVEL = "-Onone"; DEBUG_INFORMATION_FORMAT = dwarf;}; name = Debug; };
000000000000000000000021 = {isa = XCBuildConfiguration; buildSettings = {CLANG_ENABLE_MODULES = YES; MACOSX_DEPLOYMENT_TARGET = 26.0; SDKROOT = macosx; SWIFT_VERSION = 6.0;}; name = Release; };
000000000000000000000022 = {isa = XCBuildConfiguration; buildSettings = {CLANG_ENABLE_MODULES = YES; MACOSX_DEPLOYMENT_TARGET = 26.0; SDKROOT = macosx; SWIFT_VERSION = 6.0; CODE_SIGN_STYLE = Manual; CODE_SIGN_IDENTITY = "-"; ENABLE_HARDENED_RUNTIME = YES; CODE_SIGN_ENTITLEMENTS = App/KabanApp/Kaban.entitlements; OTHER_CODE_SIGN_FLAGS = "--options runtime"; GENERATE_INFOPLIST_FILE = YES; INFOPLIST_FILE = App/KabanApp/Info.plist; INFOPLIST_KEY_CFBundleDisplayName = Kaban; INFOPLIST_KEY_CFBundleIconFile = "Resources/Kaban.icns"; INFOPLIST_KEY_LSApplicationCategoryType = "public.app-category.developer-tools"; PRODUCT_BUNDLE_IDENTIFIER = app.kaban.desktop; PRODUCT_NAME = Kaban; ENABLE_APP_SANDBOX = YES; SWIFT_STRICT_CONCURRENCY = complete; ONLY_ACTIVE_ARCH = YES; SWIFT_OPTIMIZATION_LEVEL = "-Onone"; DEBUG_INFORMATION_FORMAT = dwarf;}; name = Debug; };
000000000000000000000023 = {isa = XCBuildConfiguration; buildSettings = {CLANG_ENABLE_MODULES = YES; MACOSX_DEPLOYMENT_TARGET = 26.0; SDKROOT = macosx; SWIFT_VERSION = 6.0; CODE_SIGN_STYLE = Manual; CODE_SIGN_IDENTITY = "-"; ENABLE_HARDENED_RUNTIME = YES; CODE_SIGN_ENTITLEMENTS = App/KabanApp/Kaban.entitlements; OTHER_CODE_SIGN_FLAGS = "--options runtime"; GENERATE_INFOPLIST_FILE = YES; INFOPLIST_FILE = App/KabanApp/Info.plist; INFOPLIST_KEY_CFBundleDisplayName = Kaban; INFOPLIST_KEY_CFBundleIconFile = "Resources/Kaban.icns"; INFOPLIST_KEY_LSApplicationCategoryType = "public.app-category.developer-tools"; PRODUCT_BUNDLE_IDENTIFIER = app.kaban.desktop; PRODUCT_NAME = Kaban; ENABLE_APP_SANDBOX = YES; SWIFT_STRICT_CONCURRENCY = complete;}; name = Release; };
}; rootObject = 000000000000000000000001; }
