// !$*UTF8*$!
{ archiveVersion = 1; classes = {}; objectVersion = 56; objects = {
000000000000000000000064 = {isa = PBXFileReference; lastKnownFileType = sourcecode.swift; path = KabanApp.swift; sourceTree = "<group>"; };
0000000000000000000000C8 = {isa = PBXBuildFile; fileRef = 000000000000000000000064; };
000000000000000000000065 = {isa = PBXFileReference; lastKnownFileType = sourcecode.swift; path = BoardStore.swift; sourceTree = "<group>"; };
0000000000000000000000C9 = {isa = PBXBuildFile; fileRef = 000000000000000000000065; };
000000000000000000000066 = {isa = PBXFileReference; lastKnownFileType = sourcecode.swift; path = DesignSystem.swift; sourceTree = "<group>"; };
0000000000000000000000CA = {isa = PBXBuildFile; fileRef = 000000000000000000000066; };
000000000000000000000067 = {isa = PBXFileReference; lastKnownFileType = sourcecode.swift; path = BoardView.swift; sourceTree = "<group>"; };
0000000000000000000000CB = {isa = PBXBuildFile; fileRef = 000000000000000000000067; };
000000000000000000000068 = {isa = PBXFileReference; lastKnownFileType = sourcecode.swift; path = ReferenceTheme.swift; sourceTree = "<group>"; };
0000000000000000000000CC = {isa = PBXBuildFile; fileRef = 000000000000000000000068; };
000000000000000000000069 = {isa = PBXFileReference; lastKnownFileType = sourcecode.swift; path = ReferenceDemo.swift; sourceTree = "<group>"; };
0000000000000000000000CD = {isa = PBXBuildFile; fileRef = 000000000000000000000069; };
00000000000000000000006A = {isa = PBXFileReference; lastKnownFileType = sourcecode.swift; path = ReferenceBoard.swift; sourceTree = "<group>"; };
0000000000000000000000CE = {isa = PBXBuildFile; fileRef = 00000000000000000000006A; };
00000000000000000000006B = {isa = PBXFileReference; lastKnownFileType = sourcecode.swift; path = ReferenceDetails.swift; sourceTree = "<group>"; };
0000000000000000000000CF = {isa = PBXBuildFile; fileRef = 00000000000000000000006B; };
00000000000000000000006C = {isa = PBXFileReference; lastKnownFileType = sourcecode.swift; path = ReferenceQuota.swift; sourceTree = "<group>"; };
0000000000000000000000D0 = {isa = PBXBuildFile; fileRef = 00000000000000000000006C; };
00000000000000000000006D = {isa = PBXFileReference; lastKnownFileType = sourcecode.swift; path = ReferenceExport.swift; sourceTree = "<group>"; };
0000000000000000000000D1 = {isa = PBXBuildFile; fileRef = 00000000000000000000006D; };
000000000000000000000070 = {isa = PBXFileReference; lastKnownFileType = sourcecode.swift; path = ReferenceSettings.swift; sourceTree = "<group>"; };
0000000000000000000000D4 = {isa = PBXBuildFile; fileRef = 000000000000000000000070; };
000000000000000000000071 = {isa = PBXFileReference; lastKnownFileType = sourcecode.swift; path = ReferenceSheets.swift; sourceTree = "<group>"; };
0000000000000000000000D5 = {isa = PBXBuildFile; fileRef = 000000000000000000000071; };
000000000000000000000072 = {isa = PBXFileReference; lastKnownFileType = sourcecode.swift; path = ReferenceGallery.swift; sourceTree = "<group>"; };
0000000000000000000000D6 = {isa = PBXBuildFile; fileRef = 000000000000000000000072; };
000000000000000000000073 = {isa = PBXFileReference; lastKnownFileType = sourcecode.swift; path = ReferenceRuntime.swift; sourceTree = "<group>"; };
0000000000000000000000D7 = {isa = PBXBuildFile; fileRef = 000000000000000000000073; };
000000000000000000000074 = {isa = PBXFileReference; lastKnownFileType = sourcecode.swift; path = NativeShell.swift; sourceTree = "<group>"; };
0000000000000000000000D8 = {isa = PBXBuildFile; fileRef = 000000000000000000000074; };
000000000000000000000080 = {isa = PBXFileReference; lastKnownFileType = folder; path = Resources; sourceTree = "<group>"; };
0000000000000000000000E4 = {isa = PBXBuildFile; fileRef = 000000000000000000000080; };
000000000000000000000001 = {isa = PBXProject; attributes = {LastSwiftUpdateCheck = 2700; LastUpgradeCheck = 2700; }; buildConfigurationList = 00000000000000000000001E; compatibilityVersion = "Xcode 14.0"; developmentRegion = ru; knownRegions = (ru, en, Base); mainGroup = 000000000000000000000002; productRefGroup = 000000000000000000000004; projectDirPath = ""; projectRoot = ""; packageReferences = (000000000000000000000032); targets = (00000000000000000000000A); };
000000000000000000000002 = {isa = PBXGroup; children = (000000000000000000000003, 000000000000000000000004); sourceTree = "<group>"; };
000000000000000000000003 = {isa = PBXGroup; children = (000000000000000000000064, 000000000000000000000065, 000000000000000000000066, 000000000000000000000067, 000000000000000000000068, 000000000000000000000069, 00000000000000000000006A, 00000000000000000000006B, 00000000000000000000006C, 00000000000000000000006D, 000000000000000000000070, 000000000000000000000071, 000000000000000000000072, 000000000000000000000073, 000000000000000000000074, 000000000000000000000080); path = App/KabanApp; sourceTree = "<group>"; };
000000000000000000000004 = {isa = PBXGroup; children = (000000000000000000000005); name = Products; sourceTree = "<group>"; };
000000000000000000000005 = {isa = PBXFileReference; explicitFileType = wrapper.application; includeInIndex = 0; path = Kaban.app; sourceTree = BUILT_PRODUCTS_DIR; };
00000000000000000000000A = {isa = PBXNativeTarget; buildConfigurationList = 00000000000000000000001F; buildPhases = (00000000000000000000000B, 00000000000000000000000C, 00000000000000000000000D); buildRules = (); dependencies = (); name = Kaban; packageProductDependencies = (000000000000000000000033, 000000000000000000000034); productName = Kaban; productReference = 000000000000000000000005; productType = "com.apple.product-type.application"; };
00000000000000000000000B = {isa = PBXSourcesBuildPhase; buildActionMask = 2147483647; files = (0000000000000000000000C8, 0000000000000000000000C9, 0000000000000000000000CA, 0000000000000000000000CB, 0000000000000000000000CC, 0000000000000000000000CD, 0000000000000000000000CE, 0000000000000000000000CF, 0000000000000000000000D0, 0000000000000000000000D1, 0000000000000000000000D4, 0000000000000000000000D5, 0000000000000000000000D6, 0000000000000000000000D7, 0000000000000000000000D8); runOnlyForDeploymentPostprocessing = 0; };
00000000000000000000000C = {isa = PBXFrameworksBuildPhase; buildActionMask = 2147483647; files = (000000000000000000000035, 000000000000000000000036); runOnlyForDeploymentPostprocessing = 0; };
00000000000000000000000D = {isa = PBXResourcesBuildPhase; buildActionMask = 2147483647; files = (0000000000000000000000E4); runOnlyForDeploymentPostprocessing = 0; };
000000000000000000000032 = {isa = XCLocalSwiftPackageReference; relativePath = .; };
000000000000000000000033 = {isa = XCSwiftPackageProductDependency; package = 000000000000000000000032; productName = KabanProtocol; };
000000000000000000000034 = {isa = XCSwiftPackageProductDependency; package = 000000000000000000000032; productName = KabanBoardCore; };
000000000000000000000035 = {isa = PBXBuildFile; productRef = 000000000000000000000033; };
000000000000000000000036 = {isa = PBXBuildFile; productRef = 000000000000000000000034; };
00000000000000000000001E = {isa = XCConfigurationList; buildConfigurations = (000000000000000000000020, 000000000000000000000021); defaultConfigurationIsVisible = 0; defaultConfigurationName = Release; };
00000000000000000000001F = {isa = XCConfigurationList; buildConfigurations = (000000000000000000000022, 000000000000000000000023); defaultConfigurationIsVisible = 0; defaultConfigurationName = Release; };
000000000000000000000020 = {isa = XCBuildConfiguration; buildSettings = {CLANG_ENABLE_MODULES = YES; MACOSX_DEPLOYMENT_TARGET = 26.0; SDKROOT = macosx; SWIFT_VERSION = 6.0; ONLY_ACTIVE_ARCH = YES; SWIFT_OPTIMIZATION_LEVEL = "-Onone"; DEBUG_INFORMATION_FORMAT = dwarf;}; name = Debug; };
000000000000000000000021 = {isa = XCBuildConfiguration; buildSettings = {CLANG_ENABLE_MODULES = YES; MACOSX_DEPLOYMENT_TARGET = 26.0; SDKROOT = macosx; SWIFT_VERSION = 6.0;}; name = Release; };
000000000000000000000022 = {isa = XCBuildConfiguration; buildSettings = {CLANG_ENABLE_MODULES = YES; MACOSX_DEPLOYMENT_TARGET = 26.0; SDKROOT = macosx; SWIFT_VERSION = 6.0; CODE_SIGN_STYLE = Automatic; GENERATE_INFOPLIST_FILE = YES; INFOPLIST_FILE = App/KabanApp/Info.plist; INFOPLIST_KEY_CFBundleDisplayName = Kaban; INFOPLIST_KEY_CFBundleIconFile = "Resources/Kaban.icns"; INFOPLIST_KEY_LSApplicationCategoryType = "public.app-category.developer-tools"; PRODUCT_BUNDLE_IDENTIFIER = app.kaban.desktop; PRODUCT_NAME = Kaban; ENABLE_APP_SANDBOX = YES; SWIFT_STRICT_CONCURRENCY = complete; ONLY_ACTIVE_ARCH = YES; SWIFT_OPTIMIZATION_LEVEL = "-Onone"; DEBUG_INFORMATION_FORMAT = dwarf;}; name = Debug; };
000000000000000000000023 = {isa = XCBuildConfiguration; buildSettings = {CLANG_ENABLE_MODULES = YES; MACOSX_DEPLOYMENT_TARGET = 26.0; SDKROOT = macosx; SWIFT_VERSION = 6.0; CODE_SIGN_STYLE = Automatic; GENERATE_INFOPLIST_FILE = YES; INFOPLIST_FILE = App/KabanApp/Info.plist; INFOPLIST_KEY_CFBundleDisplayName = Kaban; INFOPLIST_KEY_CFBundleIconFile = "Resources/Kaban.icns"; INFOPLIST_KEY_LSApplicationCategoryType = "public.app-category.developer-tools"; PRODUCT_BUNDLE_IDENTIFIER = app.kaban.desktop; PRODUCT_NAME = Kaban; ENABLE_APP_SANDBOX = YES; SWIFT_STRICT_CONCURRENCY = complete;}; name = Release; };
}; rootObject = 000000000000000000000001; }
